// !$*UTF8*$!
{
	archiveVersion = 1;
	classes = {
	};
	objectVersion = 50;
	objects = {

/* Begin PBXBuildFile section */
		1764241F22A8CA9200A4F124 /* UseCaseSelectionTableTableViewController.swift in Sources */ = {isa = PBXBuildFile; fileRef = 1764241E22A8CA9200A4F124 /* UseCaseSelectionTableTableViewController.swift */; };
		1764242122A8DA1A00A4F124 /* GoogleService-Info.plist in Resources */ = {isa = PBXBuildFile; fileRef = 1764242022A8DA1A00A4F124 /* GoogleService-Info.plist */; };
		17C83B8E22A391B9000D7535 /* AppDelegate.swift in Sources */ = {isa = PBXBuildFile; fileRef = 17C83B8D22A391B9000D7535 /* AppDelegate.swift */; };
		17C83B9022A391B9000D7535 /* ViewController.swift in Sources */ = {isa = PBXBuildFile; fileRef = 17C83B8F22A391B9000D7535 /* ViewController.swift */; };
		17C83B9322A391B9000D7535 /* Main.storyboard in Resources */ = {isa = PBXBuildFile; fileRef = 17C83B9122A391B9000D7535 /* Main.storyboard */; };
		17C83B9522A391BB000D7535 /* Assets.xcassets in Resources */ = {isa = PBXBuildFile; fileRef = 17C83B9422A391BB000D7535 /* Assets.xcassets */; };
		17C83B9822A391BB000D7535 /* LaunchScreen.storyboard in Resources */ = {isa = PBXBuildFile; fileRef = 17C83B9622A391BB000D7535 /* LaunchScreen.storyboard */; };
		20EE4C2B09C886A034875339 /* Pods_UC_Landing.framework in Frameworks */ = {isa = PBXBuildFile; fileRef = C716CB035DC26056ADE2898B /* Pods_UC_Landing.framework */; };
/* End PBXBuildFile section */

/* Begin PBXFileReference section */
		1764241E22A8CA9200A4F124 /* UseCaseSelectionTableTableViewController.swift */ = {isa = PBXFileReference; lastKnownFileType = sourcecode.swift; path = UseCaseSelectionTableTableViewController.swift; sourceTree = "<group>"; };
		1764242022A8DA1A00A4F124 /* GoogleService-Info.plist */ = {isa = PBXFileReference; fileEncoding = 4; lastKnownFileType = text.plist.xml; name = "GoogleService-Info.plist"; path = "../../UC-QdQ/UC-QdeQ/GoogleService-Info.plist"; sourceTree = "<group>"; };
		17C83B8A22A391B9000D7535 /* UC-Landing.app */ = {isa = PBXFileReference; explicitFileType = wrapper.application; includeInIndex = 0; path = "UC-Landing.app"; sourceTree = BUILT_PRODUCTS_DIR; };
		17C83B8D22A391B9000D7535 /* AppDelegate.swift */ = {isa = PBXFileReference; lastKnownFileType = sourcecode.swift; path = AppDelegate.swift; sourceTree = "<group>"; };
		17C83B8F22A391B9000D7535 /* ViewController.swift */ = {isa = PBXFileReference; lastKnownFileType = sourcecode.swift; path = ViewController.swift; sourceTree = "<group>"; };
		17C83B9222A391B9000D7535 /* Base */ = {isa = PBXFileReference; lastKnownFileType = file.storyboard; name = Base; path = Base.lproj/Main.storyboard; sourceTree = "<group>"; };
		17C83B9422A391BB000D7535 /* Assets.xcassets */ = {isa = PBXFileReference; lastKnownFileType = folder.assetcatalog; path = Assets.xcassets; sourceTree = "<group>"; };
		17C83B9722A391BB000D7535 /* Base */ = {isa = PBXFileReference; lastKnownFileType = file.storyboard; name = Base; path = Base.lproj/LaunchScreen.storyboard; sourceTree = "<group>"; };
		17C83B9922A391BB000D7535 /* Info.plist */ = {isa = PBXFileReference; lastKnownFileType = text.plist.xml; path = Info.plist; sourceTree = "<group>"; };
		C716CB035DC26056ADE2898B /* Pods_UC_Landing.framework */ = {isa = PBXFileReference; explicitFileType = wrapper.framework; includeInIndex = 0; path = Pods_UC_Landing.framework; sourceTree = BUILT_PRODUCTS_DIR; };
		E91D597C5B283C401F562087 /* Pods-UC-Landing.debug.xcconfig */ = {isa = PBXFileReference; includeInIndex = 1; lastKnownFileType = text.xcconfig; name = "Pods-UC-Landing.debug.xcconfig"; path = "Target Support Files/Pods-UC-Landing/Pods-UC-Landing.debug.xcconfig"; sourceTree = "<group>"; };
		E9FD3295227251AFD15C2DA4 /* Pods-UC-Landing.release.xcconfig */ = {isa = PBXFileReference; includeInIndex = 1; lastKnownFileType = text.xcconfig; name = "Pods-UC-Landing.release.xcconfig"; path = "Target Support Files/Pods-UC-Landing/Pods-UC-Landing.release.xcconfig"; sourceTree = "<group>"; };
/* End PBXFileReference section */

/* Begin PBXFrameworksBuildPhase section */
		17C83B8722A391B9000D7535 /* Frameworks */ = {
			isa = PBXFrameworksBuildPhase;
			buildActionMask = 2147483647;
			files = (
				20EE4C2B09C886A034875339 /* Pods_UC_Landing.framework in Frameworks */,
			);
			runOnlyForDeploymentPostprocessing = 0;
		};
/* End PBXFrameworksBuildPhase section */

/* Begin PBXGroup section */
		17C83B8122A391B9000D7535 = {
			isa = PBXGroup;
			children = (
				17C83B8C22A391B9000D7535 /* UC-Landing */,
				17C83B8B22A391B9000D7535 /* Products */,
				A38AE7EF1C93FC8F936DCD31 /* Pods */,
				E6EAE957C948EBDE9710FFB0 /* Frameworks */,
			);
			sourceTree = "<group>";
		};
		17C83B8B22A391B9000D7535 /* Products */ = {
			isa = PBXGroup;
			children = (
				17C83B8A22A391B9000D7535 /* UC-Landing.app */,
			);
			name = Products;
			sourceTree = "<group>";
		};
		17C83B8C22A391B9000D7535 /* UC-Landing */ = {
			isa = PBXGroup;
			children = (
				17C83B8D22A391B9000D7535 /* AppDelegate.swift */,
				17C83B8F22A391B9000D7535 /* ViewController.swift */,
				1764242022A8DA1A00A4F124 /* GoogleService-Info.plist */,
				17C83B9122A391B9000D7535 /* Main.storyboard */,
				1764241E22A8CA9200A4F124 /* UseCaseSelectionTableTableViewController.swift */,
				17C83B9422A391BB000D7535 /* Assets.xcassets */,
				17C83B9622A391BB000D7535 /* LaunchScreen.storyboard */,
				17C83B9922A391BB000D7535 /* Info.plist */,
			);
			path = "UC-Landing";
			sourceTree = "<group>";
		};
		A38AE7EF1C93FC8F936DCD31 /* Pods */ = {
			isa = PBXGroup;
			children = (
				E91D597C5B283C401F562087 /* Pods-UC-Landing.debug.xcconfig */,
				E9FD3295227251AFD15C2DA4 /* Pods-UC-Landing.release.xcconfig */,
			);
			name = Pods;
			path = Pods;
			sourceTree = "<group>";
		};
		E6EAE957C948EBDE9710FFB0 /* Frameworks */ = {
			isa = PBXGroup;
			children = (
				C716CB035DC26056ADE2898B /* Pods_UC_Landing.framework */,
			);
			name = Frameworks;
			sourceTree = "<group>";
		};
/* End PBXGroup section */

/* Begin PBXNativeTarget section */
		17C83B8922A391B9000D7535 /* UC-Landing */ = {
			isa = PBXNativeTarget;
			buildConfigurationList = 17C83B9C22A391BB000D7535 /* Build configuration list for PBXNativeTarget "UC-Landing" */;
			buildPhases = (
				E6925DD60AD4125B91821267 /* [CP] Check Pods Manifest.lock */,
				17C83B8622A391B9000D7535 /* Sources */,
				17C83B8722A391B9000D7535 /* Frameworks */,
				17C83B8822A391B9000D7535 /* Resources */,
				0E9BE29A701E2F02843A6B40 /* [CP] Embed Pods Frameworks */,
			);
			buildRules = (
			);
			dependencies = (
			);
			name = "UC-Landing";
			productName = "UC-Landing";
			productReference = 17C83B8A22A391B9000D7535 /* UC-Landing.app */;
			productType = "com.apple.product-type.application";
		};
/* End PBXNativeTarget section */

/* Begin PBXProject section */
		17C83B8222A391B9000D7535 /* Project object */ = {
			isa = PBXProject;
			attributes = {
				LastSwiftUpdateCheck = 1010;
				LastUpgradeCheck = 1010;
				ORGANIZATIONNAME = com.uc.qdeq;
				TargetAttributes = {
					17C83B8922A391B9000D7535 = {
						CreatedOnToolsVersion = 10.1;
					};
				};
			};
			buildConfigurationList = 17C83B8522A391B9000D7535 /* Build configuration list for PBXProject "UC-Landing" */;
			compatibilityVersion = "Xcode 9.3";
			developmentRegion = en;
			hasScannedForEncodings = 0;
			knownRegions = (
				en,
				Base,
			);
			mainGroup = 17C83B8122A391B9000D7535;
			productRefGroup = 17C83B8B22A391B9000D7535 /* Products */;
			projectDirPath = "";
			projectRoot = "";
			targets = (
				17C83B8922A391B9000D7535 /* UC-Landing */,
			);
		};
/* End PBXProject section */

/* Begin PBXResourcesBuildPhase section */
		17C83B8822A391B9000D7535 /* Resources */ = {
			isa = PBXResourcesBuildPhase;
			buildActionMask = 2147483647;
			files = (
				17C83B9822A391BB000D7535 /* LaunchScreen.storyboard in Resources */,
				1764242122A8DA1A00A4F124 /* GoogleService-Info.plist in Resources */,
				17C83B9522A391BB000D7535 /* Assets.xcassets in Resources */,
				17C83B9322A391B9000D7535 /* Main.storyboard in Resources */,
			);
			runOnlyForDeploymentPostprocessing = 0;
		};
/* End PBXResourcesBuildPhase section */

/* Begin PBXShellScriptBuildPhase section */
		0E9BE29A701E2F02843A6B40 /* [CP] Embed Pods Frameworks */ = {
			isa = PBXShellScriptBuildPhase;
			buildActionMask = 2147483647;
			files = (
			);
			inputFileListPaths = (
			);
			inputPaths = (
				"${PODS_ROOT}/Target Support Files/Pods-UC-Landing/Pods-UC-Landing-frameworks.sh",
				"${BUILT_PRODUCTS_DIR}/GTMSessionFetcher/GTMSessionFetcher.framework",
				"${BUILT_PRODUCTS_DIR}/GoogleUtilities/GoogleUtilities.framework",
				"${BUILT_PRODUCTS_DIR}/leveldb-library/leveldb.framework",
				"${BUILT_PRODUCTS_DIR}/nanopb/nanopb.framework",
			);
			name = "[CP] Embed Pods Frameworks";
			outputFileListPaths = (
			);
			outputPaths = (
				"${TARGET_BUILD_DIR}/${FRAMEWORKS_FOLDER_PATH}/GTMSessionFetcher.framework",
				"${TARGET_BUILD_DIR}/${FRAMEWORKS_FOLDER_PATH}/GoogleUtilities.framework",
				"${TARGET_BUILD_DIR}/${FRAMEWORKS_FOLDER_PATH}/leveldb.framework",
				"${TARGET_BUILD_DIR}/${FRAMEWORKS_FOLDER_PATH}/nanopb.framework",
			);
			runOnlyForDeploymentPostprocessing = 0;
			shellPath = /bin/sh;
			shellScript = "\"${PODS_ROOT}/Target Support Files/Pods-UC-Landing/Pods-UC-Landing-frameworks.sh\"\n";
			showEnvVarsInLog = 0;
		};
		E6925DD60AD4125B91821267 /* [CP] Check Pods Manifest.lock */ = {
			isa = PBXShellScriptBuildPhase;
			buildActionMask = 2147483647;
			files = (
			);
			inputFileListPaths = (
			);
			inputPaths = (
				"${PODS_PODFILE_DIR_PATH}/Podfile.lock",
				"${PODS_ROOT}/Manifest.lock",
			);
			name = "[CP] Check Pods Manifest.lock";
			outputFileListPaths = (
			);
			outputPaths = (
				"$(DERIVED_FILE_DIR)/Pods-UC-Landing-checkManifestLockResult.txt",
			);
			runOnlyForDeploymentPostprocessing = 0;
			shellPath = /bin/sh;
			shellScript = "diff \"${PODS_PODFILE_DIR_PATH}/Podfile.lock\" \"${PODS_ROOT}/Manifest.lock\" > /dev/null\nif [ $? != 0 ] ; then\n    # print error to STDERR\n    echo \"error: The sandbox is not in sync with the Podfile.lock. Run 'pod install' or update your CocoaPods installation.\" >&2\n    exit 1\nfi\n# This output is used by Xcode 'outputs' to avoid re-running this script phase.\necho \"SUCCESS\" > \"${SCRIPT_OUTPUT_FILE_0}\"\n";
			showEnvVarsInLog = 0;
		};
/* End PBXShellScriptBuildPhase section */

/* Begin PBXSourcesBuildPhase section */
		17C83B8622A391B9000D7535 /* Sources */ = {
			isa = PBXSourcesBuildPhase;
			buildActionMask = 2147483647;
			files = (
				1764241F22A8CA9200A4F124 /* UseCaseSelectionTableTableViewController.swift in Sources */,
				17C83B9022A391B9000D7535 /* ViewController.swift in Sources */,
				17C83B8E22A391B9000D7535 /* AppDelegate.swift in Sources */,
			);
			runOnlyForDeploymentPostprocessing = 0;
		};
/* End PBXSourcesBuildPhase section */

/* Begin PBXVariantGroup section */
		17C83B9122A391B9000D7535 /* Main.storyboard */ = {
			isa = PBXVariantGroup;
			children = (
				17C83B9222A391B9000D7535 /* Base */,
			);
			name = Main.storyboard;
			sourceTree = "<group>";
		};
		17C83B9622A391BB000D7535 /* LaunchScreen.storyboard */ = {
			isa = PBXVariantGroup;
			children = (
				17C83B9722A391BB000D7535 /* Base */,
			);
			name = LaunchScreen.storyboard;
			sourceTree = "<group>";
		};
/* End PBXVariantGroup section */

/* Begin XCBuildConfiguration section */
		17C83B9A22A391BB000D7535 /* Debug */ = {
			isa = XCBuildConfiguration;
			buildSettings = {
				ALWAYS_SEARCH_USER_PATHS = NO;
				CLANG_ANALYZER_NONNULL = YES;
				CLANG_ANALYZER_NUMBER_OBJECT_CONVERSION = YES_AGGRESSIVE;
				CLANG_CXX_LANGUAGE_STANDARD = "gnu++14";
				CLANG_CXX_LIBRARY = "libc++";
				CLANG_ENABLE_MODULES = YES;
				CLANG_ENABLE_OBJC_ARC = YES;
				CLANG_ENABLE_OBJC_WEAK = YES;
				CLANG_WARN_BLOCK_CAPTURE_AUTORELEASING = YES;
				CLANG_WARN_BOOL_CONVERSION = YES;
				CLANG_WARN_COMMA = YES;
				CLANG_WARN_CONSTANT_CONVERSION = YES;
				CLANG_WARN_DEPRECATED_OBJC_IMPLEMENTATIONS = YES;
				CLANG_WARN_DIRECT_OBJC_ISA_USAGE = YES_ERROR;
				CLANG_WARN_DOCUMENTATION_COMMENTS = YES;
				CLANG_WARN_EMPTY_BODY = YES;
				CLANG_WARN_ENUM_CONVERSION = YES;
				CLANG_WARN_INFINITE_RECURSION = YES;
				CLANG_WARN_INT_CONVERSION = YES;
				CLANG_WARN_NON_LITERAL_NULL_CONVERSION = YES;
				CLANG_WARN_OBJC_IMPLICIT_RETAIN_SELF = YES;
				CLANG_WARN_OBJC_LITERAL_CONVERSION = YES;
				CLANG_WARN_OBJC_ROOT_CLASS = YES_ERROR;
				CLANG_WARN_RANGE_LOOP_ANALYSIS = YES;
				CLANG_WARN_STRICT_PROTOTYPES = YES;
				CLANG_WARN_SUSPICIOUS_MOVE = YES;
				CLANG_WARN_UNGUARDED_AVAILABILITY = YES_AGGRESSIVE;
				CLANG_WARN_UNREACHABLE_CODE = YES;
				CLANG_WARN__DUPLICATE_METHOD_MATCH = YES;
				CODE_SIGN_IDENTITY = "iPhone Developer";
				COPY_PHASE_STRIP = NO;
				DEBUG_INFORMATION_FORMAT = dwarf;
				ENABLE_STRICT_OBJC_MSGSEND = YES;
				ENABLE_TESTABILITY = YES;
				GCC_C_LANGUAGE_STANDARD = gnu11;
				GCC_DYNAMIC_NO_PIC = NO;
				GCC_NO_COMMON_BLOCKS = YES;
				GCC_OPTIMIZATION_LEVEL = 0;
				GCC_PREPROCESSOR_DEFINITIONS = (
					"DEBUG=1",
					"$(inherited)",
				);
				GCC_WARN_64_TO_32_BIT_CONVERSION = YES;
				GCC_WARN_ABOUT_RETURN_TYPE = YES_ERROR;
				GCC_WARN_UNDECLARED_SELECTOR = YES;
				GCC_WARN_UNINITIALIZED_AUTOS = YES_AGGRESSIVE;
				GCC_WARN_UNUSED_FUNCTION = YES;
				GCC_WARN_UNUSED_VARIABLE = YES;
				IPHONEOS_DEPLOYMENT_TARGET = 12.1;
				MTL_ENABLE_DEBUG_INFO = INCLUDE_SOURCE;
				MTL_FAST_MATH = YES;
				ONLY_ACTIVE_ARCH = YES;
				SDKROOT = iphoneos;
				SWIFT_ACTIVE_COMPILATION_CONDITIONS = DEBUG;
				SWIFT_OPTIMIZATION_LEVEL = "-Onone";
			};
			name = Debug;
		};
		17C83B9B22A391BB000D7535 /* Release */ = {
			isa = XCBuildConfiguration;
			buildSettings = {
				ALWAYS_SEARCH_USER_PATHS = NO;
				CLANG_ANALYZER_NONNULL = YES;
				CLANG_ANALYZER_NUMBER_OBJECT_CONVERSION = YES_AGGRESSIVE;
				CLANG_CXX_LANGUAGE_STANDARD = "gnu++14";
				CLANG_CXX_LIBRARY = "libc++";
				CLANG_ENABLE_MODULES = YES;
				CLANG_ENABLE_OBJC_ARC = YES;
				CLANG_ENABLE_OBJC_WEAK = YES;
				CLANG_WARN_BLOCK_CAPTURE_AUTORELEASING = YES;
				CLANG_WARN_BOOL_CONVERSION = YES;
				CLANG_WARN_COMMA = YES;
				CLANG_WARN_CONSTANT_CONVERSION = YES;
				CLANG_WARN_DEPRECATED_OBJC_IMPLEMENTATIONS = YES;
				CLANG_WARN_DIRECT_OBJC_ISA_USAGE = YES_ERROR;
				CLANG_WARN_DOCUMENTATION_COMMENTS = YES;
				CLANG_WARN_EMPTY_BODY = YES;
				CLANG_WARN_ENUM_CONVERSION = YES;
				CLANG_WARN_INFINITE_RECURSION = YES;
				CLANG_WARN_INT_CONVERSION = YES;
				CLANG_WARN_NON_LITERAL_NULL_CONVERSION = YES;
				CLANG_WARN_OBJC_IMPLICIT_RETAIN_SELF = YES;
				CLANG_WARN_OBJC_LITERAL_CONVERSION = YES;
				CLANG_WARN_OBJC_ROOT_CLASS = YES_ERROR;
				CLANG_WARN_RANGE_LOOP_ANALYSIS = YES;
				CLANG_WARN_STRICT_PROTOTYPES = YES;
				CLANG_WARN_SUSPICIOUS_MOVE = YES;
				CLANG_WARN_UNGUARDED_AVAILABILITY = YES_AGGRESSIVE;
				CLANG_WARN_UNREACHABLE_CODE = YES;
				CLANG_WARN__DUPLICATE_METHOD_MATCH = YES;
				CODE_SIGN_IDENTITY = "iPhone Developer";
				COPY_PHASE_STRIP = NO;
				DEBUG_INFORMATION_FORMAT = "dwarf-with-dsym";
				ENABLE_NS_ASSERTIONS = NO;
				ENABLE_STRICT_OBJC_MSGSEND = YES;
				GCC_C_LANGUAGE_STANDARD = gnu11;
				GCC_NO_COMMON_BLOCKS = YES;
				GCC_WARN_64_TO_32_BIT_CONVERSION = YES;
				GCC_WARN_ABOUT_RETURN_TYPE = YES_ERROR;
				GCC_WARN_UNDECLARED_SELECTOR = YES;
				GCC_WARN_UNINITIALIZED_AUTOS = YES_AGGRESSIVE;
				GCC_WARN_UNUSED_FUNCTION = YES;
				GCC_WARN_UNUSED_VARIABLE = YES;
				IPHONEOS_DEPLOYMENT_TARGET = 12.1;
				MTL_ENABLE_DEBUG_INFO = NO;
				MTL_FAST_MATH = YES;
				SDKROOT = iphoneos;
				SWIFT_COMPILATION_MODE = wholemodule;
				SWIFT_OPTIMIZATION_LEVEL = "-O";
				VALIDATE_PRODUCT = YES;
			};
			name = Release;
		};
		17C83B9D22A391BB000D7535 /* Debug */ = {
			isa = XCBuildConfiguration;
			baseConfigurationReference = E91D597C5B283C401F562087 /* Pods-UC-Landing.debug.xcconfig */;
			buildSettings = {
				ASSETCATALOG_COMPILER_APPICON_NAME = AppIcon;
				CODE_SIGN_STYLE = Automatic;
				DEVELOPMENT_TEAM = KUJ2XN37G4;
				INFOPLIST_FILE = "UC-Landing/Info.plist";
				LD_RUNPATH_SEARCH_PATHS = (
					"$(inherited)",
					"@executable_path/Frameworks",
				);
				PRODUCT_BUNDLE_IDENTIFIER = "com.uc.qdeq.UC-Landing";
				PRODUCT_NAME = "$(TARGET_NAME)";
				SWIFT_VERSION = 4.2;
				TARGETED_DEVICE_FAMILY = "1,2";
			};
			name = Debug;
		};
		17C83B9E22A391BB000D7535 /* Release */ = {
			isa = XCBuildConfiguration;
			baseConfigurationReference = E9FD3295227251AFD15C2DA4 /* Pods-UC-Landing.release.xcconfig */;
			buildSettings = {
				ASSETCATALOG_COMPILER_APPICON_NAME = AppIcon;
				CODE_SIGN_STYLE = Automatic;
				DEVELOPMENT_TEAM = KUJ2XN37G4;
				INFOPLIST_FILE = "UC-Landing/Info.plist";
				LD_RUNPATH_SEARCH_PATHS = (
					"$(inherited)",
					"@executable_path/Frameworks",
				);
				PRODUCT_BUNDLE_IDENTIFIER = "com.uc.qdeq.UC-Landing";
				PRODUCT_NAME = "$(TARGET_NAME)";
				SWIFT_VERSION = 4.2;
				TARGETED_DEVICE_FAMILY = "1,2";
			};
			name = Release;
		};
/* End XCBuildConfiguration section */

/* Begin XCConfigurationList section */
		17C83B8522A391B9000D7535 /* Build configuration list for PBXProject "UC-Landing" */ = {
			isa = XCConfigurationList;
			buildConfigurations = (
				17C83B9A22A391BB000D7535 /* Debug */,
				17C83B9B22A391BB000D7535 /* Release */,
			);
			defaultConfigurationIsVisible = 0;
			defaultConfigurationName = Release;
		};
		17C83B9C22A391BB000D7535 /* Build configuration list for PBXNativeTarget "UC-Landing" */ = {
			isa = XCConfigurationList;
			buildConfigurations = (
				17C83B9D22A391BB000D7535 /* Debug */,
				17C83B9E22A391BB000D7535 /* Release */,
			);
			defaultConfigurationIsVisible = 0;
			defaultConfigurationName = Release;
		};
/* End XCConfigurationList section */
	};
	rootObject = 17C83B8222A391B9000D7535 /* Project object */;
}
